
Microsoft Visual Studio Solution File, Format Version 12.00
# Visual Studio Version 17
VisualStudioVersion = 17.3.32901.215
MinimumVisualStudioVersion = 10.0.40219.1
Project("{FAE04EC0-301F-11D3-BF4B-00C04F79EFBC}") = "AstarPrototype", "AstarPrototype\AstarPrototype.csproj", "{2BD0C63A-80CA-4FAA-8394-0B84DA07AA71}"
EndProject
Global
	GlobalSection(SolutionConfigurationPlatforms) = preSolution
		Debug|Any CPU = Debug|Any CPU
		Release|Any CPU = Release|Any CPU
	EndGlobalSection
	GlobalSection(ProjectConfigurationPlatforms) = postSolution
		{2BD0C63A-80CA-4FAA-8394-0B84DA07AA71}.Debug|Any CPU.ActiveCfg = Debug|Any CPU
		{2BD0C63A-80CA-4FAA-8394-0B84DA07AA71}.Debug|Any CPU.Build.0 = Debug|Any CPU
		{2BD0C63A-80CA-4FAA-8394-0B84DA07AA71}.Release|Any CPU.ActiveCfg = Release|Any CPU
		{2BD0C63A-80CA-4FAA-8394-0B84DA07AA71}.Release|Any CPU.Build.0 = Release|Any CPU
	EndGlobalSection
	GlobalSection(SolutionProperties) = preSolution
		HideSolutionNode = FALSE
	EndGlobalSection
	GlobalSection(ExtensibilityGlobals) = postSolution
		SolutionGuid = {11E2E3E6-44CD-44AA-A6E3-842B9E8F4ADB}
	EndGlobalSection
EndGlobal
